
Microsoft Visual Studio Solution File, Format Version 12.00
# Visual Studio Version 17
VisualStudioVersion = 17.3.32825.248
MinimumVisualStudioVersion = 10.0.40219.1
Project("{9A19103F-16F7-4668-BE54-9A1E7A4F7556}") = "Equipos", "Equipos\Equipos.csproj", "{AE6BBA62-45F0-4FC2-9080-034DC88F8867}"
EndProject
Global
	GlobalSection(SolutionConfigurationPlatforms) = preSolution
		Debug|Any CPU = Debug|Any CPU
		Release|Any CPU = Release|Any CPU
	EndGlobalSection
	GlobalSection(ProjectConfigurationPlatforms) = postSolution
		{AE6BBA62-45F0-4FC2-9080-034DC88F8867}.Debug|Any CPU.ActiveCfg = Debug|Any CPU
		{AE6BBA62-45F0-4FC2-9080-034DC88F8867}.Debug|Any CPU.Build.0 = Debug|Any CPU
		{AE6BBA62-45F0-4FC2-9080-034DC88F8867}.Release|Any CPU.ActiveCfg = Release|Any CPU
		{AE6BBA62-45F0-4FC2-9080-034DC88F8867}.Release|Any CPU.Build.0 = Release|Any CPU
	EndGlobalSection
	GlobalSection(SolutionProperties) = preSolution
		HideSolutionNode = FALSE
	EndGlobalSection
	GlobalSection(ExtensibilityGlobals) = postSolution
		SolutionGuid = {CCC28DE2-35CA-44A1-A130-05DF3C1310DB}
	EndGlobalSection
EndGlobal
